
Microsoft Visual Studio Solution File, Format Version 12.00
# Visual Studio Version 16
VisualStudioVersion = 16.0.30413.136
MinimumVisualStudioVersion = 10.0.40219.1
Project("{FAE04EC0-301F-11D3-BF4B-00C04F79EFBC}") = "Parallax Test", "Parallax Test.csproj", "{1B53D033-87B5-4955-A0A8-15053809146E}"
EndProject
Global
	GlobalSection(SolutionConfigurationPlatforms) = preSolution
		Debug|Any CPU = Debug|Any CPU
		Release|Any CPU = Release|Any CPU
	EndGlobalSection
	GlobalSection(ProjectConfigurationPlatforms) = postSolution
		{1B53D033-87B5-4955-A0A8-15053809146E}.Debug|Any CPU.ActiveCfg = Debug|Any CPU
		{1B53D033-87B5-4955-A0A8-15053809146E}.Debug|Any CPU.Build.0 = Debug|Any CPU
		{1B53D033-87B5-4955-A0A8-15053809146E}.Release|Any CPU.ActiveCfg = Release|Any CPU
		{1B53D033-87B5-4955-A0A8-15053809146E}.Release|Any CPU.Build.0 = Release|Any CPU
	EndGlobalSection
	GlobalSection(SolutionProperties) = preSolution
		HideSolutionNode = FALSE
	EndGlobalSection
	GlobalSection(ExtensibilityGlobals) = postSolution
		SolutionGuid = {C5842277-2B9C-444E-B00A-F3806A089D56}
	EndGlobalSection
EndGlobal
